
Microsoft Visual Studio Solution File, Format Version 12.00
# Visual Studio Version 17
VisualStudioVersion = 17.14.36915.13 d17.14
MinimumVisualStudioVersion = 10.0.40219.1
Project("{FAE04EC0-301F-11D3-BF4B-00C04F79EFBC}") = "SistemaListaTarefas", "SistemaListaTarefas\SistemaListaTarefas.csproj", "{9F763586-25AF-4075-9A5E-10BC3DEF33FB}"
EndProject
Global
	GlobalSection(SolutionConfigurationPlatforms) = preSolution
		Debug|Any CPU = Debug|Any CPU
		Release|Any CPU = Release|Any CPU
	EndGlobalSection
	GlobalSection(ProjectConfigurationPlatforms) = postSolution
		{9F763586-25AF-4075-9A5E-10BC3DEF33FB}.Debug|Any CPU.ActiveCfg = Debug|Any CPU
		{9F763586-25AF-4075-9A5E-10BC3DEF33FB}.Debug|Any CPU.Build.0 = Debug|Any CPU
		{9F763586-25AF-4075-9A5E-10BC3DEF33FB}.Release|Any CPU.ActiveCfg = Release|Any CPU
		{9F763586-25AF-4075-9A5E-10BC3DEF33FB}.Release|Any CPU.Build.0 = Release|Any CPU
	EndGlobalSection
	GlobalSection(SolutionProperties) = preSolution
		HideSolutionNode = FALSE
	EndGlobalSection
	GlobalSection(ExtensibilityGlobals) = postSolution
		SolutionGuid = {70784AC5-086B-4289-8453-34B83F7F5FAC}
	EndGlobalSection
EndGlobal
